PODS:
  - FBAEMKit (14.1.0):
    - FBSDKCoreKit_Basics (= 14.1.0)
  - FBSDKCoreKit (14.1.0):
    - FBAEMKit (= 14.1.0)
    - FBSDKCoreKit_Basics (= 14.1.0)
  - FBSDKCoreKit_Basics (14.1.0)
  - Flutter (1.0.0)
  - flutter_facebook_app_links (0.0.4):
    - FBSDKCoreKit (~> 14.1.0)
    - Flutter

DEPENDENCIES:
  - Flutter (from `Flutter`)
  - flutter_facebook_app_links (from `.symlinks/plugins/flutter_facebook_app_links/ios`)

SPEC REPOS:
  trunk:
    - FBAEMKit
    - FBSDKCoreKit
    - FBSDKCoreKit_Basics

EXTERNAL SOURCES:
  Flutter:
    :path: Flutter
  flutter_facebook_app_links:
    :path: ".symlinks/plugins/flutter_facebook_app_links/ios"

SPEC CHECKSUMS:
  FBAEMKit: a899515e45476027f73aef377b5cffadcd56ca3a
  FBSDKCoreKit: 24f8bc8d3b5b2a8c5c656a1329492a12e8efa792
  FBSDKCoreKit_Basics: 6e578c9bdc7aa1365dbbbde633c9ebb536bcaa98
  Flutter: 50d75fe2f02b26cc09d224853bb45737f8b3214a
  flutter_facebook_app_links: f53c6be5fbc4cd748176e7e6344e695b83bac5c9

PODFILE CHECKSUM: 7368163408c647b7eb699d0d788ba6718e18fb8d

COCOAPODS: 1.11.3
